
Microsoft Visual Studio Solution File, Format Version 12.00
# Visual Studio Version 17
VisualStudioVersion = 17.0.31903.59
MinimumVisualStudioVersion = 10.0.40219.1
Project("{2150E333-8FDC-42A3-9474-1A3956D46DE8}") = "src", "src", "{1654F7B4-2B60-4ACD-A943-A033F1671809}"
EndProject
Project("{FAE04EC0-301F-11D3-BF4B-00C04F79EFBC}") = "ApplicationCore", "src\ApplicationCore\ApplicationCore.csproj", "{961264E9-43ED-4F2D-B641-4F122875C4BD}"
EndProject
Project("{2150E333-8FDC-42A3-9474-1A3956D46DE8}") = "tests", "tests", "{DDDB4FF7-724F-4225-B462-3A062922C386}"
EndProject
Project("{FAE04EC0-301F-11D3-BF4B-00C04F79EFBC}") = "UnitTests", "tests\UnitTests\UnitTests.csproj", "{DA554C2B-A296-4540-BB35-34EE054C9CBB}"
EndProject
Project("{FAE04EC0-301F-11D3-BF4B-00C04F79EFBC}") = "KeyDown.Cli", "src\KeyDown.Cli\KeyDown.Cli.csproj", "{54465C38-15DD-479F-88BB-4C5E88E8B9F9}"
EndProject
Project("{FAE04EC0-301F-11D3-BF4B-00C04F79EFBC}") = "KeyDown.Cli.Tests", "tests\KeyDown.Cli.Tests\KeyDown.Cli.Tests.csproj", "{63F20621-A6AA-42F9-9287-5CA8E8D83966}"
EndProject
Global
	GlobalSection(SolutionConfigurationPlatforms) = preSolution
		Debug|Any CPU = Debug|Any CPU
		Release|Any CPU = Release|Any CPU
	EndGlobalSection
	GlobalSection(SolutionProperties) = preSolution
		HideSolutionNode = FALSE
	EndGlobalSection
	GlobalSection(ProjectConfigurationPlatforms) = postSolution
		{961264E9-43ED-4F2D-B641-4F122875C4BD}.Debug|Any CPU.ActiveCfg = Debug|Any CPU
		{961264E9-43ED-4F2D-B641-4F122875C4BD}.Debug|Any CPU.Build.0 = Debug|Any CPU
		{961264E9-43ED-4F2D-B641-4F122875C4BD}.Release|Any CPU.ActiveCfg = Release|Any CPU
		{961264E9-43ED-4F2D-B641-4F122875C4BD}.Release|Any CPU.Build.0 = Release|Any CPU
		{DA554C2B-A296-4540-BB35-34EE054C9CBB}.Debug|Any CPU.ActiveCfg = Debug|Any CPU
		{DA554C2B-A296-4540-BB35-34EE054C9CBB}.Debug|Any CPU.Build.0 = Debug|Any CPU
		{DA554C2B-A296-4540-BB35-34EE054C9CBB}.Release|Any CPU.ActiveCfg = Release|Any CPU
		{DA554C2B-A296-4540-BB35-34EE054C9CBB}.Release|Any CPU.Build.0 = Release|Any CPU
		{54465C38-15DD-479F-88BB-4C5E88E8B9F9}.Debug|Any CPU.ActiveCfg = Debug|Any CPU
		{54465C38-15DD-479F-88BB-4C5E88E8B9F9}.Debug|Any CPU.Build.0 = Debug|Any CPU
		{54465C38-15DD-479F-88BB-4C5E88E8B9F9}.Release|Any CPU.ActiveCfg = Release|Any CPU
		{54465C38-15DD-479F-88BB-4C5E88E8B9F9}.Release|Any CPU.Build.0 = Release|Any CPU
		{63F20621-A6AA-42F9-9287-5CA8E8D83966}.Debug|Any CPU.ActiveCfg = Debug|Any CPU
		{63F20621-A6AA-42F9-9287-5CA8E8D83966}.Debug|Any CPU.Build.0 = Debug|Any CPU
		{63F20621-A6AA-42F9-9287-5CA8E8D83966}.Release|Any CPU.ActiveCfg = Release|Any CPU
		{63F20621-A6AA-42F9-9287-5CA8E8D83966}.Release|Any CPU.Build.0 = Release|Any CPU
	EndGlobalSection
	GlobalSection(NestedProjects) = preSolution
		{961264E9-43ED-4F2D-B641-4F122875C4BD} = {1654F7B4-2B60-4ACD-A943-A033F1671809}
		{DA554C2B-A296-4540-BB35-34EE054C9CBB} = {DDDB4FF7-724F-4225-B462-3A062922C386}
		{54465C38-15DD-479F-88BB-4C5E88E8B9F9} = {1654F7B4-2B60-4ACD-A943-A033F1671809}
		{63F20621-A6AA-42F9-9287-5CA8E8D83966} = {DDDB4FF7-724F-4225-B462-3A062922C386}
	EndGlobalSection
EndGlobal
